
Microsoft Visual Studio Solution File, Format Version 12.00
# Visual Studio Version 17
VisualStudioVersion = 17.14.36301.6 d17.14
MinimumVisualStudioVersion = 10.0.40219.1
Project("{FAE04EC0-301F-11D3-BF4B-00C04F79EFBC}") = "PointsBet_Backend_Online_Code_Test", "PointsBet_Backend_Online_Code_Test\PointsBet_Backend_Online_Code_Test.csproj", "{841742CE-E6CC-4AA5-9918-5E4BB8BB903A}"
EndProject
Global
	GlobalSection(SolutionConfigurationPlatforms) = preSolution
		Debug|Any CPU = Debug|Any CPU
		Release|Any CPU = Release|Any CPU
	EndGlobalSection
	GlobalSection(ProjectConfigurationPlatforms) = postSolution
		{841742CE-E6CC-4AA5-9918-5E4BB8BB903A}.Debug|Any CPU.ActiveCfg = Debug|Any CPU
		{841742CE-E6CC-4AA5-9918-5E4BB8BB903A}.Debug|Any CPU.Build.0 = Debug|Any CPU
		{841742CE-E6CC-4AA5-9918-5E4BB8BB903A}.Release|Any CPU.ActiveCfg = Release|Any CPU
		{841742CE-E6CC-4AA5-9918-5E4BB8BB903A}.Release|Any CPU.Build.0 = Release|Any CPU
	EndGlobalSection
	GlobalSection(SolutionProperties) = preSolution
		HideSolutionNode = FALSE
	EndGlobalSection
	GlobalSection(ExtensibilityGlobals) = postSolution
		SolutionGuid = {B575FAAA-B932-4676-AF9E-10C1C9E879E6}
	EndGlobalSection
EndGlobal
